# Resolved image digests, captured 2026-09-23T17:42:14Z.
# Pin these in the compose files and Dockerfiles so an air-gapped run can never
# resolve a moving tag.
#
# This file also travels inside the offline bundle, where it is the record that
# anchors the upstream half of images.bundle.lock: scripts/verify-bundle.sh
# refuses to install a bundle whose postgres, rabbitmq, llm, edge or stage
# image is not the digest recorded here. Keep the untagged `repository@sha256:`
# form -- both that script and the CI check parse it.
postgres@sha256:b0f9560a2de083e2cc7382e75f808c7381a32852a7ec49117deedb300e552b24
rabbitmq@sha256:ce634665a8e7262384a793581c20cb8a46343887446eb391b77c814febeca4b2
nginx@sha256:1ed1b0e1d7652937d6cbdaf4018c7b6fc009a7dd6c3047351e2eddda745de43f
python@sha256:2f17fc044b579bab302c2e8054d3a686e2cb9a83de48e70534b94cd8ebbe06a9
ghcr.io/ggml-org/llama.cpp@sha256:fb8f521cdfee1b763a6ef0d6633922e780c1393c03b49945526550cf55010343
# Tooling only -- never part of the running stack. Base for demos/Dockerfile,
# the container that runs the proofs on any OS (see compose.tools.yml).
docker@sha256:625d9431a9f54c5a2bc90f24f0e1c3d55b1349fd857dd85035f98c2c9acbdd4d
# CI only -- never part of the running stack. Base for tests/ui/Dockerfile,
# the headless-browser gate (F11). Ships Chromium/Firefox/WebKit prebuilt at
# /ms-playwright, so the pinned digest is what keeps the browser gate from
# ever downloading a browser binary at run time.
mcr.microsoft.com/playwright/python@sha256:acc6300abda1a16dba3a0d39583c8be53e619a3f23d4a0eeeb8de0a9275c47ac
# Monitoring, pinned by compose.observability.yml. That overlay is opt-in: a
# run without `-f compose.observability.yml` pulls neither image. Both are
# multi-arch index digests, like every pin above. A single-platform manifest
# digest here would pin every reviewer to our architecture, and cannot be
# exported into an offline bundle.
prom/prometheus@sha256:76947e7ef22f8a698fc638f706685909be425dbe09bd7a2cd7aca849f79b5f64
grafana/grafana@sha256:74144189b38447facf737dfd0f3906e42e0776212bf575dc3334c3609183adf7
